{
    "_readme": [
        "This file locks the dependencies of your project to a known state",
        "Read more about it at https://getcomposer.org/doc/01-basic-usage.md#composer-lock-the-lock-file",
        "This file is @generated automatically"
    ],
    "hash": "f1eb40ecfca62d65af0017efb0645ee9",
    "content-hash": "3d5ba0de130f5ba535a354ff79789e17",
    "packages": [
        {
            "name": "net_bazzline/php_component_cli_arguments",
            "version": "1.1.1",
            "source": {
                "type": "git",
                "url": "https://github.com/bazzline/php_component_cli_arguments.git",
                "reference": "6ec4b50903e5a561a71859ea62f9b079a9f3a045"
            },
            "dist": {
                "type": "zip",
                "url": "https://api.github.com/repos/bazzline/php_component_cli_arguments/zipball/6ec4b50903e5a561a71859ea62f9b079a9f3a045",
                "reference": "6ec4b50903e5a561a71859ea62f9b079a9f3a045",
                "shasum": ""
            },
            "require": {
                "php": ">=5.3.3"
            },
            "require-dev": {
                "phpunit/phpunit": "4.8.*"
            },
            "type": "library",
            "autoload": {
                "psr-0": {
                    "Net\\Bazzline\\Component\\Cli\\Arguments": "source/",
                    "Test\\Net\\Bazzline\\Component\\Cli\\Arguments": "test/"
                }
            },
            "notification-url": "https://packagist.org/downloads/",
            "license": [
                "LGPLv3"
            ],
            "authors": [
                {
                    "name": "Stev Leibelt",
                    "email": "artodeto@bazzline.net",
                    "homepage": "https://artodeto.bazzline.net",
                    "role": "Developer"
                }
            ],
            "description": "free as in freedom php cli command thin wrapper to easy up usage and validation of command line arguments",
            "keywords": [
                "argument",
                "cli",
                "flag",
                "free as in freedom",
                "getopt",
                "lgpl",
                "php",
                "shell",
                "trigger"
            ],
            "time": "2015-08-18 15:53:30"
        },
        {
            "name": "net_bazzline/php_component_cli_environment",
            "version": "0.1.0",
            "source": {
                "type": "git",
                "url": "https://github.com/bazzline/php_component_cli_environment.git",
                "reference": "33519f86afaa6c65586b69072bc2b68b58abdab5"
            },
            "dist": {
                "type": "zip",
                "url": "https://api.github.com/repos/bazzline/php_component_cli_environment/zipball/33519f86afaa6c65586b69072bc2b68b58abdab5",
                "reference": "33519f86afaa6c65586b69072bc2b68b58abdab5",
                "shasum": ""
            },
            "require": {
                "net_bazzline/php_component_cli_arguments": "1.1.1",
                "net_bazzline/php_component_toolbox": ">=1.5",
                "php": ">=5.3.3"
            },
            "bin": [
                "bin/net_bazzline_create_executable_command_line_file"
            ],
            "type": "library",
            "autoload": {
                "psr-0": {
                    "Net\\Bazzline\\Component\\Cli\\Environment": "source/"
                }
            },
            "notification-url": "https://packagist.org/downloads/",
            "license": [
                "LGPLv3"
            ],
            "authors": [
                {
                    "name": "Stev Leibelt",
                    "email": "artodeto@bazzline.net",
                    "homepage": "https://artodeto.bazzline.net",
                    "role": "Developer"
                }
            ],
            "description": "free as in freedom command line environment for php creating lean command line executable files",
            "keywords": [
                "cli",
                "command line",
                "component",
                "console",
                "environment",
                "free as in freedom",
                "lean",
                "lgpl",
                "php"
            ],
            "time": "2015-10-10 21:25:39"
        },
        {
            "name": "net_bazzline/php_component_toolbox",
            "version": "1.7.0",
            "source": {
                "type": "git",
                "url": "https://github.com/bazzline/php_component_toolbox.git",
                "reference": "e4fbe826d0cc714602a59d48e0ecd926da5bdea3"
            },
            "dist": {
                "type": "zip",
                "url": "https://api.github.com/repos/bazzline/php_component_toolbox/zipball/e4fbe826d0cc714602a59d48e0ecd926da5bdea3",
                "reference": "e4fbe826d0cc714602a59d48e0ecd926da5bdea3",
                "shasum": ""
            },
            "require": {
                "php": ">=5.3.3"
            },
            "require-dev": {
                "phpunit/phpunit": ">=4.8.13"
            },
            "type": "library",
            "autoload": {
                "psr-0": {
                    "Net\\Bazzline\\Component\\Toolbox": "source/",
                    "Test\\Net\\Bazzline\\Component\\Toolbox": "test/"
                }
            },
            "notification-url": "https://packagist.org/downloads/",
            "license": [
                "LGPLv3"
            ],
            "authors": [
                {
                    "name": "Stev Leibelt",
                    "email": "artodeto@bazzline.net",
                    "homepage": "https://artodeto.bazzline.net",
                    "role": "Developer"
                }
            ],
            "description": "free as in freedom free software collection of tools to easy and speed up development with php",
            "keywords": [
                "Toolbox",
                "array",
                "component",
                "free as in freedom",
                "invoke",
                "php",
                "reusable",
                "tools",
                "utilities"
            ],
            "time": "2015-11-05 09:28:51"
        }
    ],
    "packages-dev": [],
    "aliases": [],
    "minimum-stability": "stable",
    "stability-flags": [],
    "prefer-stable": false,
    "prefer-lowest": false,
    "platform": [],
    "platform-dev": []
}
